
Microsoft Visual Studio Solution File, Format Version 12.00
# Visual Studio Version 17
VisualStudioVersion = 17.4.33110.190
MinimumVisualStudioVersion = 10.0.40219.1
Project("{FAE04EC0-301F-11D3-BF4B-00C04F79EFBC}") = "TestMediatR", "TestMediatR\TestMediatR.csproj", "{36454BEB-8CAE-4ED0-BFDF-80DBBB9DE15D}"
EndProject
Global
	GlobalSection(SolutionConfigurationPlatforms) = preSolution
		Debug|Any CPU = Debug|Any CPU
		Release|Any CPU = Release|Any CPU
	EndGlobalSection
	GlobalSection(ProjectConfigurationPlatforms) = postSolution
		{36454BEB-8CAE-4ED0-BFDF-80DBBB9DE15D}.Debug|Any CPU.ActiveCfg = Debug|Any CPU
		{36454BEB-8CAE-4ED0-BFDF-80DBBB9DE15D}.Debug|Any CPU.Build.0 = Debug|Any CPU
		{36454BEB-8CAE-4ED0-BFDF-80DBBB9DE15D}.Release|Any CPU.ActiveCfg = Release|Any CPU
		{36454BEB-8CAE-4ED0-BFDF-80DBBB9DE15D}.Release|Any CPU.Build.0 = Release|Any CPU
	EndGlobalSection
	GlobalSection(SolutionProperties) = preSolution
		HideSolutionNode = FALSE
	EndGlobalSection
	GlobalSection(ExtensibilityGlobals) = postSolution
		SolutionGuid = {ED4E74E8-2ABD-41A4-8C99-D55A55B9D2B5}
	EndGlobalSection
EndGlobal
